
Microsoft Visual Studio Solution File, Format Version 12.00
# Visual Studio Version 17
VisualStudioVersion = 17.14.36221.1 d17.14
MinimumVisualStudioVersion = 10.0.40219.1
Project("{FAE04EC0-301F-11D3-BF4B-00C04F79EFBC}") = "FitnessTracker.Api", "FitnessTracker.Api\FitnessTracker.Api.csproj", "{01A38F10-D1EA-49A0-AD61-15BBAF297800}"
EndProject
Global
	GlobalSection(SolutionConfigurationPlatforms) = preSolution
		Debug|Any CPU = Debug|Any CPU
		Release|Any CPU = Release|Any CPU
	EndGlobalSection
	GlobalSection(ProjectConfigurationPlatforms) = postSolution
		{01A38F10-D1EA-49A0-AD61-15BBAF297800}.Debug|Any CPU.ActiveCfg = Debug|Any CPU
		{01A38F10-D1EA-49A0-AD61-15BBAF297800}.Debug|Any CPU.Build.0 = Debug|Any CPU
		{01A38F10-D1EA-49A0-AD61-15BBAF297800}.Release|Any CPU.ActiveCfg = Release|Any CPU
		{01A38F10-D1EA-49A0-AD61-15BBAF297800}.Release|Any CPU.Build.0 = Release|Any CPU
	EndGlobalSection
	GlobalSection(SolutionProperties) = preSolution
		HideSolutionNode = FALSE
	EndGlobalSection
	GlobalSection(ExtensibilityGlobals) = postSolution
		SolutionGuid = {C4CDB129-83F3-48F6-946C-A3F7C862D910}
	EndGlobalSection
EndGlobal
